
Microsoft Visual Studio Solution File, Format Version 12.00
# Visual Studio 15
VisualStudioVersion = 15.0.28307.136
MinimumVisualStudioVersion = 10.0.40219.1
Project("{FAE04EC0-301F-11D3-BF4B-00C04F79EFBC}") = "UntisNotifier", "UntisNotifier\UntisNotifier.csproj", "{D8957159-AF02-4564-AC94-B58975F0E7CD}"
EndProject
Project("{FAE04EC0-301F-11D3-BF4B-00C04F79EFBC}") = "UntisNotifier.Abstractions", "UntisNotifier.Abstractions\UntisNotifier.Abstractions.csproj", "{F116F726-E38A-4BE7-8D05-F1F1CE794C7E}"
EndProject
Global
	GlobalSection(SolutionConfigurationPlatforms) = preSolution
		Debug|Any CPU = Debug|Any CPU
		Release|Any CPU = Release|Any CPU
	EndGlobalSection
	GlobalSection(ProjectConfigurationPlatforms) = postSolution
		{D8957159-AF02-4564-AC94-B58975F0E7CD}.Debug|Any CPU.ActiveCfg = Debug|Any CPU
		{D8957159-AF02-4564-AC94-B58975F0E7CD}.Debug|Any CPU.Build.0 = Debug|Any CPU
		{D8957159-AF02-4564-AC94-B58975F0E7CD}.Release|Any CPU.ActiveCfg = Release|Any CPU
		{D8957159-AF02-4564-AC94-B58975F0E7CD}.Release|Any CPU.Build.0 = Release|Any CPU
		{F116F726-E38A-4BE7-8D05-F1F1CE794C7E}.Debug|Any CPU.ActiveCfg = Debug|Any CPU
		{F116F726-E38A-4BE7-8D05-F1F1CE794C7E}.Debug|Any CPU.Build.0 = Debug|Any CPU
		{F116F726-E38A-4BE7-8D05-F1F1CE794C7E}.Release|Any CPU.ActiveCfg = Release|Any CPU
		{F116F726-E38A-4BE7-8D05-F1F1CE794C7E}.Release|Any CPU.Build.0 = Release|Any CPU
	EndGlobalSection
	GlobalSection(SolutionProperties) = preSolution
		HideSolutionNode = FALSE
	EndGlobalSection
	GlobalSection(ExtensibilityGlobals) = postSolution
		SolutionGuid = {23244DC2-4D8F-48AF-837F-2F8E33CAABFF}
	EndGlobalSection
EndGlobal
